<?xml version="1.0" encoding="utf-8"?>
<Project ToolsVersion="4.0" xmlns="http://schemas.microsoft.com/developer/msbuild/2003">
  <ItemGroup>
    <Filter Include="源文件">
      <UniqueIdentifier>{fae66ad9-3fa9-4243-813a-96ea49e6ea7e}</UniqueIdentifier>
    </Filter>
    <Filter Include="生成的文件">
      <UniqueIdentifier>{f0adb19b-cb2f-4bb1-972b-5f70e7f6f99e}</UniqueIdentifier>
      <SourceControlFiles>False</SourceControlFiles>
    </Filter>
  </ItemGroup>
  <ItemGroup>
    <None Include="Testps.def" />
  </ItemGroup>
  <ItemGroup>
    <ClCompile Include="Test_i.c">
      <Filter>生成的文件</Filter>
    </ClCompile>
    <ClCompile Include="Test_p.c">
      <Filter>生成的文件</Filter>
    </ClCompile>
    <ClCompile Include="dlldata.c">
      <Filter>生成的文件</Filter>
    </ClCompile>
  </ItemGroup>
</Project>