<?xml version="1.0" encoding="utf-8"?>
<Project ToolsVersion="4.0" xmlns="http://schemas.microsoft.com/developer/msbuild/2003">
  <ItemGroup>
    <Filter Include="源文件">
      <UniqueIdentifier>{4FC737F1-C7A5-4376-A066-2A32D752A2FF}</UniqueIdentifier>
      <Extensions>cpp;c;cc;cxx;def;odl;idl;hpj;bat;asm;asmx</Extensions>
    </Filter>
    <Filter Include="头文件">
      <UniqueIdentifier>{93995380-89BD-4b04-88EB-625FBE52EBFB}</UniqueIdentifier>
      <Extensions>h;hpp;hxx;hm;inl;inc;xsd</Extensions>
    </Filter>
    <Filter Include="资源文件">
      <UniqueIdentifier>{67DA6AB6-F800-4c08-8B7A-83BB121AAD01}</UniqueIdentifier>
      <Extensions>rc;ico;cur;bmp;dlg;rc2;rct;bin;rgs;gif;jpg;jpeg;jpe;resx;tiff;tif;png;wav;mfcribbon-ms</Extensions>
    </Filter>
    <Filter Include="生成的文件">
      <UniqueIdentifier>{d6785ab3-009c-4712-aa92-7be4e2ecc35e}</UniqueIdentifier>
      <SourceControlFiles>False</SourceControlFiles>
    </Filter>
  </ItemGroup>
  <ItemGroup>
    <ClCompile Include="stdafx.cpp">
      <Filter>源文件</Filter>
    </ClCompile>
    <ClCompile Include="Hy.DwgConvert.cpp">
      <Filter>源文件</Filter>
    </ClCompile>
    <ClCompile Include="dllmain.cpp">
      <Filter>源文件</Filter>
    </ClCompile>
    <ClCompile Include="HyDwgConvert_i.c">
      <Filter>生成的文件</Filter>
    </ClCompile>
    <ClCompile Include="DwgReader.cpp">
      <Filter>源文件</Filter>
    </ClCompile>
    <ClCompile Include="ExServices\OdFileBuf.cpp">
      <Filter>源文件</Filter>
    </ClCompile>
    <ClCompile Include="ExServices\ExGiRasterImage.cpp">
      <Filter>源文件</Filter>
    </ClCompile>
    <ClCompile Include="DwgEntity.cpp">
      <Filter>源文件</Filter>
    </ClCompile>
    <ClCompile Include="ExServices\ExHostAppServices.cpp">
      <Filter>源文件</Filter>
    </ClCompile>
    <ClCompile Include="ExServices\ExUndoController.cpp">
      <Filter>源文件</Filter>
    </ClCompile>
    <ClCompile Include="ExServices\ExSystemServices.cpp">
      <Filter>源文件</Filter>
    </ClCompile>
    <ClCompile Include="EntityAdapter.cpp">
      <Filter>源文件</Filter>
    </ClCompile>
    <ClCompile Include="DwgEntityDumper.cpp">
      <Filter>源文件</Filter>
    </ClCompile>
    <ClCompile Include="XData.cpp">
      <Filter>源文件</Filter>
    </ClCompile>
  </ItemGroup>
  <ItemGroup>
    <ClInclude Include="stdafx.h">
      <Filter>头文件</Filter>
    </ClInclude>
    <ClInclude Include="targetver.h">
      <Filter>头文件</Filter>
    </ClInclude>
    <ClInclude Include="Resource.h">
      <Filter>头文件</Filter>
    </ClInclude>
    <ClInclude Include="dllmain.h">
      <Filter>头文件</Filter>
    </ClInclude>
    <ClInclude Include="HyDwgConvert_i.h">
      <Filter>生成的文件</Filter>
    </ClInclude>
    <ClInclude Include="DwgReader.h">
      <Filter>头文件</Filter>
    </ClInclude>
    <ClInclude Include="DB.h">
      <Filter>头文件</Filter>
    </ClInclude>
    <ClInclude Include="DwgEntity.h">
      <Filter>头文件</Filter>
    </ClInclude>
    <ClInclude Include="ESRI_AoInterface.h">
      <Filter>头文件</Filter>
    </ClInclude>
    <ClInclude Include="EntityAdapter.h">
      <Filter>头文件</Filter>
    </ClInclude>
    <ClInclude Include="DwgEntityDumper.h">
      <Filter>头文件</Filter>
    </ClInclude>
    <ClInclude Include="XData.h">
      <Filter>头文件</Filter>
    </ClInclude>
  </ItemGroup>
  <ItemGroup>
    <ResourceCompile Include="Hy.DwgConvert.rc">
      <Filter>资源文件</Filter>
    </ResourceCompile>
  </ItemGroup>
  <ItemGroup>
    <None Include="ReadMe.txt" />
    <None Include="Hy.DwgConvert.rgs">
      <Filter>资源文件</Filter>
    </None>
    <None Include="Hy.DwgConvert.def">
      <Filter>源文件</Filter>
    </None>
    <None Include="DwgReader.rgs">
      <Filter>资源文件</Filter>
    </None>
    <None Include="DwgEntity.rgs">
      <Filter>资源文件</Filter>
    </None>
    <None Include="TestEntity.rgs">
      <Filter>资源文件</Filter>
    </None>
    <None Include="XData.rgs">
      <Filter>资源文件</Filter>
    </None>
  </ItemGroup>
  <ItemGroup>
    <Midl Include="HyDwgConvert.idl">
      <Filter>源文件</Filter>
    </Midl>
  </ItemGroup>
</Project>