<?xml version="1.0" encoding="utf-8"?>
<Project ToolsVersion="4.0" xmlns="http://schemas.microsoft.com/developer/msbuild/2003">
  <ItemGroup>
    <Filter Include="源文件">
      <UniqueIdentifier>{4FC737F1-C7A5-4376-A066-2A32D752A2FF}</UniqueIdentifier>
      <Extensions>cpp;c;cc;cxx;def;odl;idl;hpj;bat;asm;asmx</Extensions>
    </Filter>
    <Filter Include="头文件">
      <UniqueIdentifier>{93995380-89BD-4b04-88EB-625FBE52EBFB}</UniqueIdentifier>
      <Extensions>h;hpp;hxx;hm;inl;inc;xsd</Extensions>
    </Filter>
    <Filter Include="资源文件">
      <UniqueIdentifier>{67DA6AB6-F800-4c08-8B7A-83BB121AAD01}</UniqueIdentifier>
      <Extensions>rc;ico;cur;bmp;dlg;rc2;rct;bin;rgs;gif;jpg;jpeg;jpe;resx;tiff;tif;png;wav</Extensions>
    </Filter>
    <Filter Include="生成的文件">
      <UniqueIdentifier>{417de257-02b5-446b-9db6-fd6530ca1e08}</UniqueIdentifier>
      <SourceControlFiles>False</SourceControlFiles>
    </Filter>
  </ItemGroup>
  <ItemGroup>
    <ClCompile Include="DlgProgressBar.cpp">
      <Filter>源文件</Filter>
    </ClCompile>
    <ClCompile Include="DwgEntityDumper.cpp">
      <Filter>源文件</Filter>
    </ClCompile>
    <ClCompile Include="DwgReader.cpp">
      <Filter>源文件</Filter>
    </ClCompile>
    <ClCompile Include="DwgWriter.cpp">
      <Filter>源文件</Filter>
    </ClCompile>
    <ClCompile Include="ExServices\ExGiRasterImage.cpp">
      <Filter>源文件</Filter>
    </ClCompile>
    <ClCompile Include="ExServices\ExHostAppServices.cpp">
      <Filter>源文件</Filter>
    </ClCompile>
    <ClCompile Include="ExServices\ExSystemServices.cpp">
      <Filter>源文件</Filter>
    </ClCompile>
    <ClCompile Include="ExServices\ExUndoController.cpp">
      <Filter>源文件</Filter>
    </ClCompile>
    <ClCompile Include="LogRecorder.cpp">
      <Filter>源文件</Filter>
    </ClCompile>
    <ClCompile Include="ExServices\OdFileBuf.cpp">
      <Filter>源文件</Filter>
    </ClCompile>
    <ClCompile Include="SharedUsed.cpp">
      <Filter>源文件</Filter>
    </ClCompile>
    <ClCompile Include="stdafx.cpp">
      <Filter>源文件</Filter>
    </ClCompile>
    <ClCompile Include="TextProgressCtrl.cpp">
      <Filter>源文件</Filter>
    </ClCompile>
    <ClCompile Include="XDBPreProcessDriver.cpp">
      <Filter>源文件</Filter>
    </ClCompile>
    <ClCompile Include="XDwgDirectReader.cpp">
      <Filter>源文件</Filter>
    </ClCompile>
    <ClCompile Include="XDwgDirectWriter.cpp">
      <Filter>源文件</Filter>
    </ClCompile>
    <ClCompile Include="XJoinExtendTable.cpp">
      <Filter>源文件</Filter>
    </ClCompile>
    <ClCompile Include="XMLFile.cpp">
      <Filter>源文件</Filter>
    </ClCompile>
    <ClCompile Include="DwgConvert_i.c">
      <Filter>生成的文件</Filter>
    </ClCompile>
    <ClCompile Include="DwgConvert.cpp">
      <Filter>源文件</Filter>
    </ClCompile>
  </ItemGroup>
  <ItemGroup>
    <None Include="DwgReader.rgs">
      <Filter>资源文件</Filter>
    </None>
    <None Include="DwgWriter.rgs">
      <Filter>资源文件</Filter>
    </None>
    <None Include="ReadMe.txt" />
    <None Include="扩展属性配置.xml" />
    <None Include="DwgConvert.rgs">
      <Filter>资源文件</Filter>
    </None>
    <None Include="DwgConvert.def">
      <Filter>源文件</Filter>
    </None>
  </ItemGroup>
  <ItemGroup>
    <ClInclude Include="DB.h">
      <Filter>头文件</Filter>
    </ClInclude>
    <ClInclude Include="DlgProgressBar.h">
      <Filter>头文件</Filter>
    </ClInclude>
    <ClInclude Include="DwgEntityDumper.h">
      <Filter>头文件</Filter>
    </ClInclude>
    <ClInclude Include="DwgReader.h">
      <Filter>头文件</Filter>
    </ClInclude>
    <ClInclude Include="DwgWriter.h">
      <Filter>头文件</Filter>
    </ClInclude>
    <ClInclude Include="LogRecorder.h">
      <Filter>头文件</Filter>
    </ClInclude>
    <ClInclude Include="Resource.h">
      <Filter>头文件</Filter>
    </ClInclude>
    <ClInclude Include="SharedUsed.h">
      <Filter>头文件</Filter>
    </ClInclude>
    <ClInclude Include="stdafx.h">
      <Filter>头文件</Filter>
    </ClInclude>
    <ClInclude Include="TextProgressCtrl.h">
      <Filter>头文件</Filter>
    </ClInclude>
    <ClInclude Include="XDBPreProcessDriver.h">
      <Filter>头文件</Filter>
    </ClInclude>
    <ClInclude Include="XDwgDirectReader.h">
      <Filter>头文件</Filter>
    </ClInclude>
    <ClInclude Include="XDwgDirectWriter.h">
      <Filter>头文件</Filter>
    </ClInclude>
    <ClInclude Include="XJoinExtendTable.h">
      <Filter>头文件</Filter>
    </ClInclude>
    <ClInclude Include="XMLFile.h">
      <Filter>头文件</Filter>
    </ClInclude>
    <ClInclude Include="DwgConvert.h">
      <Filter>生成的文件</Filter>
    </ClInclude>
  </ItemGroup>
  <ItemGroup>
    <ResourceCompile Include="DwgConvert.rc">
      <Filter>资源文件</Filter>
    </ResourceCompile>
  </ItemGroup>
  <ItemGroup>
    <Midl Include="DwgConvert.idl">
      <Filter>源文件</Filter>
    </Midl>
  </ItemGroup>
</Project>