
Microsoft Visual Studio Solution File, Format Version 11.00
# Visual Studio 2010
Project("{8BC9CEB8-8B4A-11D0-8D11-00A0C91BC942}") = "Hy.DwgConvert", "Hy.DwgConvert\Hy.DwgConvert.vcxproj", "{4B146131-80B7-4C2D-B54C-1BC0482990B4}"
EndProject
Project("{FAE04EC0-301F-11D3-BF4B-00C04F79EFBC}") = "TestDataConvert", "..\..\..\Test\TestDataConvert\TestDataConvert\TestDataConvert.csproj", "{37A04439-1968-45B5-8910-2CAE1A4DE0E0}"
EndProject
Project("{8BC9CEB8-8B4A-11D0-8D11-00A0C91BC942}") = "DwgConvert", "..\DwgConvert\DwgConvert.vcxproj", "{67E5F9D4-5E66-470F-93BC-1857B4438104}"
EndProject
Project("{FAE04EC0-301F-11D3-BF4B-00C04F79EFBC}") = "EngineTest", "..\..\..\test\EngineTest\EngineTest\EngineTest.csproj", "{1C3A8D7B-7C87-4BBA-9A52-2C9783F65362}"
EndProject
Global
	GlobalSection(SolutionConfigurationPlatforms) = preSolution
		Debug|Mixed Platforms = Debug|Mixed Platforms
		Debug|Win32 = Debug|Win32
		Debug|x86 = Debug|x86
		Release|Mixed Platforms = Release|Mixed Platforms
		Release|Win32 = Release|Win32
		Release|x86 = Release|x86
		Template|Mixed Platforms = Template|Mixed Platforms
		Template|Win32 = Template|Win32
		Template|x86 = Template|x86
	EndGlobalSection
	GlobalSection(ProjectConfigurationPlatforms) = postSolution
		{4B146131-80B7-4C2D-B54C-1BC0482990B4}.Debug|Mixed Platforms.ActiveCfg = Debug|Win32
		{4B146131-80B7-4C2D-B54C-1BC0482990B4}.Debug|Mixed Platforms.Build.0 = Debug|Win32
		{4B146131-80B7-4C2D-B54C-1BC0482990B4}.Debug|Win32.ActiveCfg = Debug|Win32
		{4B146131-80B7-4C2D-B54C-1BC0482990B4}.Debug|Win32.Build.0 = Debug|Win32
		{4B146131-80B7-4C2D-B54C-1BC0482990B4}.Debug|x86.ActiveCfg = Debug|Win32
		{4B146131-80B7-4C2D-B54C-1BC0482990B4}.Release|Mixed Platforms.ActiveCfg = Release|Win32
		{4B146131-80B7-4C2D-B54C-1BC0482990B4}.Release|Mixed Platforms.Build.0 = Release|Win32
		{4B146131-80B7-4C2D-B54C-1BC0482990B4}.Release|Win32.ActiveCfg = Release|Win32
		{4B146131-80B7-4C2D-B54C-1BC0482990B4}.Release|Win32.Build.0 = Release|Win32
		{4B146131-80B7-4C2D-B54C-1BC0482990B4}.Release|x86.ActiveCfg = Release|Win32
		{4B146131-80B7-4C2D-B54C-1BC0482990B4}.Template|Mixed Platforms.ActiveCfg = Release|Win32
		{4B146131-80B7-4C2D-B54C-1BC0482990B4}.Template|Mixed Platforms.Build.0 = Release|Win32
		{4B146131-80B7-4C2D-B54C-1BC0482990B4}.Template|Win32.ActiveCfg = Release|Win32
		{4B146131-80B7-4C2D-B54C-1BC0482990B4}.Template|Win32.Build.0 = Release|Win32
		{4B146131-80B7-4C2D-B54C-1BC0482990B4}.Template|x86.ActiveCfg = Release|Win32
		{37A04439-1968-45B5-8910-2CAE1A4DE0E0}.Debug|Mixed Platforms.ActiveCfg = Debug|x86
		{37A04439-1968-45B5-8910-2CAE1A4DE0E0}.Debug|Mixed Platforms.Build.0 = Debug|x86
		{37A04439-1968-45B5-8910-2CAE1A4DE0E0}.Debug|Win32.ActiveCfg = Debug|x86
		{37A04439-1968-45B5-8910-2CAE1A4DE0E0}.Debug|x86.ActiveCfg = Debug|x86
		{37A04439-1968-45B5-8910-2CAE1A4DE0E0}.Debug|x86.Build.0 = Debug|x86
		{37A04439-1968-45B5-8910-2CAE1A4DE0E0}.Release|Mixed Platforms.ActiveCfg = Release|x86
		{37A04439-1968-45B5-8910-2CAE1A4DE0E0}.Release|Mixed Platforms.Build.0 = Release|x86
		{37A04439-1968-45B5-8910-2CAE1A4DE0E0}.Release|Win32.ActiveCfg = Release|x86
		{37A04439-1968-45B5-8910-2CAE1A4DE0E0}.Release|x86.ActiveCfg = Release|x86
		{37A04439-1968-45B5-8910-2CAE1A4DE0E0}.Release|x86.Build.0 = Release|x86
		{37A04439-1968-45B5-8910-2CAE1A4DE0E0}.Template|Mixed Platforms.ActiveCfg = Release|x86
		{37A04439-1968-45B5-8910-2CAE1A4DE0E0}.Template|Mixed Platforms.Build.0 = Release|x86
		{37A04439-1968-45B5-8910-2CAE1A4DE0E0}.Template|Win32.ActiveCfg = Release|x86
		{37A04439-1968-45B5-8910-2CAE1A4DE0E0}.Template|x86.ActiveCfg = Release|x86
		{37A04439-1968-45B5-8910-2CAE1A4DE0E0}.Template|x86.Build.0 = Release|x86
		{67E5F9D4-5E66-470F-93BC-1857B4438104}.Debug|Mixed Platforms.ActiveCfg = Template|Win32
		{67E5F9D4-5E66-470F-93BC-1857B4438104}.Debug|Mixed Platforms.Build.0 = Template|Win32
		{67E5F9D4-5E66-470F-93BC-1857B4438104}.Debug|Win32.ActiveCfg = Template|Win32
		{67E5F9D4-5E66-470F-93BC-1857B4438104}.Debug|Win32.Build.0 = Template|Win32
		{67E5F9D4-5E66-470F-93BC-1857B4438104}.Debug|x86.ActiveCfg = Template|Win32
		{67E5F9D4-5E66-470F-93BC-1857B4438104}.Release|Mixed Platforms.ActiveCfg = Release|Win32
		{67E5F9D4-5E66-470F-93BC-1857B4438104}.Release|Mixed Platforms.Build.0 = Release|Win32
		{67E5F9D4-5E66-470F-93BC-1857B4438104}.Release|Win32.ActiveCfg = Release|Win32
		{67E5F9D4-5E66-470F-93BC-1857B4438104}.Release|Win32.Build.0 = Release|Win32
		{67E5F9D4-5E66-470F-93BC-1857B4438104}.Release|x86.ActiveCfg = Release|Win32
		{67E5F9D4-5E66-470F-93BC-1857B4438104}.Template|Mixed Platforms.ActiveCfg = Template|Win32
		{67E5F9D4-5E66-470F-93BC-1857B4438104}.Template|Mixed Platforms.Build.0 = Template|Win32
		{67E5F9D4-5E66-470F-93BC-1857B4438104}.Template|Win32.ActiveCfg = Template|Win32
		{67E5F9D4-5E66-470F-93BC-1857B4438104}.Template|Win32.Build.0 = Template|Win32
		{67E5F9D4-5E66-470F-93BC-1857B4438104}.Template|x86.ActiveCfg = Template|Win32
		{1C3A8D7B-7C87-4BBA-9A52-2C9783F65362}.Debug|Mixed Platforms.ActiveCfg = Debug|x86
		{1C3A8D7B-7C87-4BBA-9A52-2C9783F65362}.Debug|Mixed Platforms.Build.0 = Debug|x86
		{1C3A8D7B-7C87-4BBA-9A52-2C9783F65362}.Debug|Win32.ActiveCfg = Debug|x86
		{1C3A8D7B-7C87-4BBA-9A52-2C9783F65362}.Debug|x86.ActiveCfg = Debug|x86
		{1C3A8D7B-7C87-4BBA-9A52-2C9783F65362}.Debug|x86.Build.0 = Debug|x86
		{1C3A8D7B-7C87-4BBA-9A52-2C9783F65362}.Release|Mixed Platforms.ActiveCfg = Release|x86
		{1C3A8D7B-7C87-4BBA-9A52-2C9783F65362}.Release|Mixed Platforms.Build.0 = Release|x86
		{1C3A8D7B-7C87-4BBA-9A52-2C9783F65362}.Release|Win32.ActiveCfg = Release|x86
		{1C3A8D7B-7C87-4BBA-9A52-2C9783F65362}.Release|x86.ActiveCfg = Release|x86
		{1C3A8D7B-7C87-4BBA-9A52-2C9783F65362}.Release|x86.Build.0 = Release|x86
		{1C3A8D7B-7C87-4BBA-9A52-2C9783F65362}.Template|Mixed Platforms.ActiveCfg = Release|x86
		{1C3A8D7B-7C87-4BBA-9A52-2C9783F65362}.Template|Mixed Platforms.Build.0 = Release|x86
		{1C3A8D7B-7C87-4BBA-9A52-2C9783F65362}.Template|Win32.ActiveCfg = Release|x86
		{1C3A8D7B-7C87-4BBA-9A52-2C9783F65362}.Template|x86.ActiveCfg = Release|x86
		{1C3A8D7B-7C87-4BBA-9A52-2C9783F65362}.Template|x86.Build.0 = Release|x86
	EndGlobalSection
	GlobalSection(SolutionProperties) = preSolution
		HideSolutionNode = FALSE
	EndGlobalSection
EndGlobal
