
Microsoft Visual Studio Solution File, Format Version 11.00
# Visual Studio 2010
Project("{FAE04EC0-301F-11D3-BF4B-00C04F79EFBC}") = "TestOracle", "TestOracle\TestOracle.csproj", "{87D4E643-921F-46A6-86B9-835F2104400C}"
EndProject
Global
	GlobalSection(SolutionConfigurationPlatforms) = preSolution
		Debug|x86 = Debug|x86
		Release|x86 = Release|x86
	EndGlobalSection
	GlobalSection(ProjectConfigurationPlatforms) = postSolution
		{87D4E643-921F-46A6-86B9-835F2104400C}.Debug|x86.ActiveCfg = Debug|x86
		{87D4E643-921F-46A6-86B9-835F2104400C}.Debug|x86.Build.0 = Debug|x86
		{87D4E643-921F-46A6-86B9-835F2104400C}.Release|x86.ActiveCfg = Release|x86
		{87D4E643-921F-46A6-86B9-835F2104400C}.Release|x86.Build.0 = Release|x86
	EndGlobalSection
	GlobalSection(SolutionProperties) = preSolution
		HideSolutionNode = FALSE
	EndGlobalSection
EndGlobal
