
Microsoft Visual Studio Solution File, Format Version 11.00
# Visual Studio 2010
Project("{FAE04EC0-301F-11D3-BF4B-00C04F79EFBC}") = "Check.Define", "Check.Define\Check.Define.csproj", "{50A09A01-30AA-4975-BE34-04351C7FA419}"
EndProject
Project("{FAE04EC0-301F-11D3-BF4B-00C04F79EFBC}") = "Check.Rule", "Check.Rule\Check.Rule.csproj", "{337D4E77-7E4A-4689-88E0-79597323AD81}"
EndProject
Project("{FAE04EC0-301F-11D3-BF4B-00C04F79EFBC}") = "Common.Utility", "Common.Utility\Common.Utility.csproj", "{A302D069-4F52-4886-9633-662D993DE362}"
EndProject
Project("{FAE04EC0-301F-11D3-BF4B-00C04F79EFBC}") = "Check.Task", "Check.Task\Check.Task.csproj", "{FB2C931E-C06F-4A29-BA4C-983526479DC1}"
EndProject
Project("{FAE04EC0-301F-11D3-BF4B-00C04F79EFBC}") = "Check.Engine", "Check.Engine\Check.Engine.csproj", "{940D329A-3A10-4BA3-BF56-F3157619CB4D}"
EndProject
Project("{FAE04EC0-301F-11D3-BF4B-00C04F79EFBC}") = "Check.Utility", "Check.Utility\Check.Utility.csproj", "{B2D8CC75-A5CF-4D60-8E74-E2D7598E8DED}"
EndProject
Project("{FAE04EC0-301F-11D3-BF4B-00C04F79EFBC}") = "Common.UI", "Common.UI\Common.UI.csproj", "{41D7EA57-1E49-4C79-951D-F2DD20F1A63D}"
EndProject
Project("{FAE04EC0-301F-11D3-BF4B-00C04F79EFBC}") = "Check.UI", "Check.UI\Check.UI.csproj", "{98316DA7-69A0-4EA2-8C2C-A15285D6CE5F}"
EndProject
Project("{FAE04EC0-301F-11D3-BF4B-00C04F79EFBC}") = "Check.Command", "Check.Command\Check.Command.csproj", "{20A50D62-B6B7-494C-B496-6AC4C9AE0CE1}"
EndProject
Project("{FAE04EC0-301F-11D3-BF4B-00C04F79EFBC}") = "Check.Demo", "Check.Demo\Check.Demo.csproj", "{B594A6FB-97F3-46D4-936C-264C1DCC2938}"
EndProject
Global
	GlobalSection(SolutionConfigurationPlatforms) = preSolution
		Debug|Any CPU = Debug|Any CPU
		Release|Any CPU = Release|Any CPU
	EndGlobalSection
	GlobalSection(ProjectConfigurationPlatforms) = postSolution
		{50A09A01-30AA-4975-BE34-04351C7FA419}.Debug|Any CPU.ActiveCfg = Debug|Any CPU
		{50A09A01-30AA-4975-BE34-04351C7FA419}.Debug|Any CPU.Build.0 = Debug|Any CPU
		{50A09A01-30AA-4975-BE34-04351C7FA419}.Release|Any CPU.ActiveCfg = Release|Any CPU
		{50A09A01-30AA-4975-BE34-04351C7FA419}.Release|Any CPU.Build.0 = Release|Any CPU
		{337D4E77-7E4A-4689-88E0-79597323AD81}.Debug|Any CPU.ActiveCfg = Debug|Any CPU
		{337D4E77-7E4A-4689-88E0-79597323AD81}.Debug|Any CPU.Build.0 = Debug|Any CPU
		{337D4E77-7E4A-4689-88E0-79597323AD81}.Release|Any CPU.ActiveCfg = Release|Any CPU
		{337D4E77-7E4A-4689-88E0-79597323AD81}.Release|Any CPU.Build.0 = Release|Any CPU
		{A302D069-4F52-4886-9633-662D993DE362}.Debug|Any CPU.ActiveCfg = Debug|Any CPU
		{A302D069-4F52-4886-9633-662D993DE362}.Debug|Any CPU.Build.0 = Debug|Any CPU
		{A302D069-4F52-4886-9633-662D993DE362}.Release|Any CPU.ActiveCfg = Release|Any CPU
		{A302D069-4F52-4886-9633-662D993DE362}.Release|Any CPU.Build.0 = Release|Any CPU
		{FB2C931E-C06F-4A29-BA4C-983526479DC1}.Debug|Any CPU.ActiveCfg = Debug|Any CPU
		{FB2C931E-C06F-4A29-BA4C-983526479DC1}.Debug|Any CPU.Build.0 = Debug|Any CPU
		{FB2C931E-C06F-4A29-BA4C-983526479DC1}.Release|Any CPU.ActiveCfg = Release|Any CPU
		{FB2C931E-C06F-4A29-BA4C-983526479DC1}.Release|Any CPU.Build.0 = Release|Any CPU
		{940D329A-3A10-4BA3-BF56-F3157619CB4D}.Debug|Any CPU.ActiveCfg = Debug|Any CPU
		{940D329A-3A10-4BA3-BF56-F3157619CB4D}.Debug|Any CPU.Build.0 = Debug|Any CPU
		{940D329A-3A10-4BA3-BF56-F3157619CB4D}.Release|Any CPU.ActiveCfg = Release|Any CPU
		{940D329A-3A10-4BA3-BF56-F3157619CB4D}.Release|Any CPU.Build.0 = Release|Any CPU
		{B2D8CC75-A5CF-4D60-8E74-E2D7598E8DED}.Debug|Any CPU.ActiveCfg = Debug|Any CPU
		{B2D8CC75-A5CF-4D60-8E74-E2D7598E8DED}.Debug|Any CPU.Build.0 = Debug|Any CPU
		{B2D8CC75-A5CF-4D60-8E74-E2D7598E8DED}.Release|Any CPU.ActiveCfg = Release|Any CPU
		{B2D8CC75-A5CF-4D60-8E74-E2D7598E8DED}.Release|Any CPU.Build.0 = Release|Any CPU
		{41D7EA57-1E49-4C79-951D-F2DD20F1A63D}.Debug|Any CPU.ActiveCfg = Debug|Any CPU
		{41D7EA57-1E49-4C79-951D-F2DD20F1A63D}.Debug|Any CPU.Build.0 = Debug|Any CPU
		{41D7EA57-1E49-4C79-951D-F2DD20F1A63D}.Release|Any CPU.ActiveCfg = Release|Any CPU
		{41D7EA57-1E49-4C79-951D-F2DD20F1A63D}.Release|Any CPU.Build.0 = Release|Any CPU
		{98316DA7-69A0-4EA2-8C2C-A15285D6CE5F}.Debug|Any CPU.ActiveCfg = Debug|Any CPU
		{98316DA7-69A0-4EA2-8C2C-A15285D6CE5F}.Debug|Any CPU.Build.0 = Debug|Any CPU
		{98316DA7-69A0-4EA2-8C2C-A15285D6CE5F}.Release|Any CPU.ActiveCfg = Release|Any CPU
		{98316DA7-69A0-4EA2-8C2C-A15285D6CE5F}.Release|Any CPU.Build.0 = Release|Any CPU
		{20A50D62-B6B7-494C-B496-6AC4C9AE0CE1}.Debug|Any CPU.ActiveCfg = Debug|Any CPU
		{20A50D62-B6B7-494C-B496-6AC4C9AE0CE1}.Debug|Any CPU.Build.0 = Debug|Any CPU
		{20A50D62-B6B7-494C-B496-6AC4C9AE0CE1}.Release|Any CPU.ActiveCfg = Release|Any CPU
		{20A50D62-B6B7-494C-B496-6AC4C9AE0CE1}.Release|Any CPU.Build.0 = Release|Any CPU
		{B594A6FB-97F3-46D4-936C-264C1DCC2938}.Debug|Any CPU.ActiveCfg = Debug|Any CPU
		{B594A6FB-97F3-46D4-936C-264C1DCC2938}.Debug|Any CPU.Build.0 = Debug|Any CPU
		{B594A6FB-97F3-46D4-936C-264C1DCC2938}.Release|Any CPU.ActiveCfg = Release|Any CPU
		{B594A6FB-97F3-46D4-936C-264C1DCC2938}.Release|Any CPU.Build.0 = Release|Any CPU
	EndGlobalSection
	GlobalSection(SolutionProperties) = preSolution
		HideSolutionNode = FALSE
	EndGlobalSection
EndGlobal
